// !$*UTF8*$!
{
	archiveVersion = 1;
	classes = {
	};
	objectVersion = 46;
	objects = {

/* Begin PBXBuildFile section */
		F43748161607862E007EB4C0 /* Cocoa.framework in Frameworks */ = {isa = PBXBuildFile; fileRef = F43748151607862E007EB4C0 /* Cocoa.framework */; };
		F43748201607862E007EB4C0 /* InfoPlist.strings in Resources */ = {isa = PBXBuildFile; fileRef = F437481E1607862E007EB4C0 /* InfoPlist.strings */; };
		F43748221607862E007EB4C0 /* main.m in Sources */ = {isa = PBXBuildFile; fileRef = F43748211607862E007EB4C0 /* main.m */; };
		F43748261607862E007EB4C0 /* Credits.rtf in Resources */ = {isa = PBXBuildFile; fileRef = F43748241607862E007EB4C0 /* Credits.rtf */; };
		F43748291607862E007EB4C0 /* AppDelegate.m in Sources */ = {isa = PBXBuildFile; fileRef = F43748281607862E007EB4C0 /* AppDelegate.m */; };
		F437482C1607862E007EB4C0 /* MainMenu.xib in Resources */ = {isa = PBXBuildFile; fileRef = F437482A1607862E007EB4C0 /* MainMenu.xib */; };
		F43748341607862F007EB4C0 /* SenTestingKit.framework in Frameworks */ = {isa = PBXBuildFile; fileRef = F43748331607862F007EB4C0 /* SenTestingKit.framework */; };
		F43748351607862F007EB4C0 /* Cocoa.framework in Frameworks */ = {isa = PBXBuildFile; fileRef = F43748151607862E007EB4C0 /* Cocoa.framework */; };
		F437483D1607862F007EB4C0 /* InfoPlist.strings in Resources */ = {isa = PBXBuildFile; fileRef = F437483B1607862F007EB4C0 /* InfoPlist.strings */; };
		F43748401607862F007EB4C0 /* OpenSandboxTests.m in Sources */ = {isa = PBXBuildFile; fileRef = F437483F1607862F007EB4C0 /* OpenSandboxTests.m */; };
/* End PBXBuildFile section */

/* Begin PBXContainerItemProxy section */
		F43748361607862F007EB4C0 /* PBXContainerItemProxy */ = {
			isa = PBXContainerItemProxy;
			containerPortal = F43748081607862E007EB4C0 /* Project object */;
			proxyType = 1;
			remoteGlobalIDString = F43748101607862E007EB4C0;
			remoteInfo = OpenSandbox;
		};
/* End PBXContainerItemProxy section */

/* Begin PBXFileReference section */
		F43748111607862E007EB4C0 /* OpenSandbox.app */ = {isa = PBXFileReference; explicitFileType = wrapper.application; includeInIndex = 0; path = OpenSandbox.app; sourceTree = BUILT_PRODUCTS_DIR; };
		F43748151607862E007EB4C0 /* Cocoa.framework */ = {isa = PBXFileReference; lastKnownFileType = wrapper.framework; name = Cocoa.framework; path = System/Library/Frameworks/Cocoa.framework; sourceTree = SDKROOT; };
		F43748181607862E007EB4C0 /* AppKit.framework */ = {isa = PBXFileReference; lastKnownFileType = wrapper.framework; name = AppKit.framework; path = System/Library/Frameworks/AppKit.framework; sourceTree = SDKROOT; };
		F43748191607862E007EB4C0 /* CoreData.framework */ = {isa = PBXFileReference; lastKnownFileType = wrapper.framework; name = CoreData.framework; path = System/Library/Frameworks/CoreData.framework; sourceTree = SDKROOT; };
		F437481A1607862E007EB4C0 /* Foundation.framework */ = {isa = PBXFileReference; lastKnownFileType = wrapper.framework; name = Foundation.framework; path = System/Library/Frameworks/Foundation.framework; sourceTree = SDKROOT; };
		F437481D1607862E007EB4C0 /* OpenSandbox-Info.plist */ = {isa = PBXFileReference; lastKnownFileType = text.plist.xml; path = "OpenSandbox-Info.plist"; sourceTree = "<group>"; };
		F437481F1607862E007EB4C0 /* en */ = {isa = PBXFileReference; lastKnownFileType = text.plist.strings; name = en; path = en.lproj/InfoPlist.strings; sourceTree = "<group>"; };
		F43748211607862E007EB4C0 /* main.m */ = {isa = PBXFileReference; lastKnownFileType = sourcecode.c.objc; path = main.m; sourceTree = "<group>"; };
		F43748231607862E007EB4C0 /* OpenSandbox-Prefix.pch */ = {isa = PBXFileReference; lastKnownFileType = sourcecode.c.h; path = "OpenSandbox-Prefix.pch"; sourceTree = "<group>"; };
		F43748251607862E007EB4C0 /* en */ = {isa = PBXFileReference; lastKnownFileType = text.rtf; name = en; path = en.lproj/Credits.rtf; sourceTree = "<group>"; };
		F43748271607862E007EB4C0 /* AppDelegate.h */ = {isa = PBXFileReference; lastKnownFileType = sourcecode.c.h; path = AppDelegate.h; sourceTree = "<group>"; };
		F43748281607862E007EB4C0 /* AppDelegate.m */ = {isa = PBXFileReference; lastKnownFileType = sourcecode.c.objc; path = AppDelegate.m; sourceTree = "<group>"; };
		F437482B1607862E007EB4C0 /* en */ = {isa = PBXFileReference; lastKnownFileType = file.xib; name = en; path = en.lproj/MainMenu.xib; sourceTree = "<group>"; };
		F43748321607862F007EB4C0 /* OpenSandboxTests.octest */ = {isa = PBXFileReference; explicitFileType = wrapper.cfbundle; includeInIndex = 0; path = OpenSandboxTests.octest; sourceTree = BUILT_PRODUCTS_DIR; };
		F43748331607862F007EB4C0 /* SenTestingKit.framework */ = {isa = PBXFileReference; lastKnownFileType = wrapper.framework; name = SenTestingKit.framework; path = Library/Frameworks/SenTestingKit.framework; sourceTree = DEVELOPER_DIR; };
		F437483A1607862F007EB4C0 /* OpenSandboxTests-Info.plist */ = {isa = PBXFileReference; lastKnownFileType = text.plist.xml; path = "OpenSandboxTests-Info.plist"; sourceTree = "<group>"; };
		F437483C1607862F007EB4C0 /* en */ = {isa = PBXFileReference; lastKnownFileType = text.plist.strings; name = en; path = en.lproj/InfoPlist.strings; sourceTree = "<group>"; };
		F437483E1607862F007EB4C0 /* OpenSandboxTests.h */ = {isa = PBXFileReference; lastKnownFileType = sourcecode.c.h; path = OpenSandboxTests.h; sourceTree = "<group>"; };
		F437483F1607862F007EB4C0 /* OpenSandboxTests.m */ = {isa = PBXFileReference; lastKnownFileType = sourcecode.c.objc; path = OpenSandboxTests.m; sourceTree = "<group>"; };
/* End PBXFileReference section */

/* Begin PBXFrameworksBuildPhase section */
		F437480E1607862E007EB4C0 /* Frameworks */ = {
			isa = PBXFrameworksBuildPhase;
			buildActionMask = 2147483647;
			files = (
				F43748161607862E007EB4C0 /* Cocoa.framework in Frameworks */,
			);
			runOnlyForDeploymentPostprocessing = 0;
		};
		F437482E1607862F007EB4C0 /* Frameworks */ = {
			isa = PBXFrameworksBuildPhase;
			buildActionMask = 2147483647;
			files = (
				F43748341607862F007EB4C0 /* SenTestingKit.framework in Frameworks */,
				F43748351607862F007EB4C0 /* Cocoa.framework in Frameworks */,
			);
			runOnlyForDeploymentPostprocessing = 0;
		};
/* End PBXFrameworksBuildPhase section */

/* Begin PBXGroup section */
		F43748061607862E007EB4C0 = {
			isa = PBXGroup;
			children = (
				F437481B1607862E007EB4C0 /* OpenSandbox */,
				F43748381607862F007EB4C0 /* OpenSandboxTests */,
				F43748141607862E007EB4C0 /* Frameworks */,
				F43748121607862E007EB4C0 /* Products */,
			);
			sourceTree = "<group>";
		};
		F43748121607862E007EB4C0 /* Products */ = {
			isa = PBXGroup;
			children = (
				F43748111607862E007EB4C0 /* OpenSandbox.app */,
				F43748321607862F007EB4C0 /* OpenSandboxTests.octest */,
			);
			name = Products;
			sourceTree = "<group>";
		};
		F43748141607862E007EB4C0 /* Frameworks */ = {
			isa = PBXGroup;
			children = (
				F43748151607862E007EB4C0 /* Cocoa.framework */,
				F43748331607862F007EB4C0 /* SenTestingKit.framework */,
				F43748171607862E007EB4C0 /* Other Frameworks */,
			);
			name = Frameworks;
			sourceTree = "<group>";
		};
		F43748171607862E007EB4C0 /* Other Frameworks */ = {
			isa = PBXGroup;
			children = (
				F43748181607862E007EB4C0 /* AppKit.framework */,
				F43748191607862E007EB4C0 /* CoreData.framework */,
				F437481A1607862E007EB4C0 /* Foundation.framework */,
			);
			name = "Other Frameworks";
			sourceTree = "<group>";
		};
		F437481B1607862E007EB4C0 /* OpenSandbox */ = {
			isa = PBXGroup;
			children = (
				F43748271607862E007EB4C0 /* AppDelegate.h */,
				F43748281607862E007EB4C0 /* AppDelegate.m */,
				F437482A1607862E007EB4C0 /* MainMenu.xib */,
				F437481C1607862E007EB4C0 /* Supporting Files */,
			);
			path = OpenSandbox;
			sourceTree = "<group>";
		};
		F437481C1607862E007EB4C0 /* Supporting Files */ = {
			isa = PBXGroup;
			children = (
				F437481D1607862E007EB4C0 /* OpenSandbox-Info.plist */,
				F437481E1607862E007EB4C0 /* InfoPlist.strings */,
				F43748211607862E007EB4C0 /* main.m */,
				F43748231607862E007EB4C0 /* OpenSandbox-Prefix.pch */,
				F43748241607862E007EB4C0 /* Credits.rtf */,
			);
			name = "Supporting Files";
			sourceTree = "<group>";
		};
		F43748381607862F007EB4C0 /* OpenSandboxTests */ = {
			isa = PBXGroup;
			children = (
				F437483E1607862F007EB4C0 /* OpenSandboxTests.h */,
				F437483F1607862F007EB4C0 /* OpenSandboxTests.m */,
				F43748391607862F007EB4C0 /* Supporting Files */,
			);
			path = OpenSandboxTests;
			sourceTree = "<group>";
		};
		F43748391607862F007EB4C0 /* Supporting Files */ = {
			isa = PBXGroup;
			children = (
				F437483A1607862F007EB4C0 /* OpenSandboxTests-Info.plist */,
				F437483B1607862F007EB4C0 /* InfoPlist.strings */,
			);
			name = "Supporting Files";
			sourceTree = "<group>";
		};
/* End PBXGroup section */

/* Begin PBXNativeTarget section */
		F43748101607862E007EB4C0 /* OpenSandbox */ = {
			isa = PBXNativeTarget;
			buildConfigurationList = F43748431607862F007EB4C0 /* Build configuration list for PBXNativeTarget "OpenSandbox" */;
			buildPhases = (
				F437480D1607862E007EB4C0 /* Sources */,
				F437480E1607862E007EB4C0 /* Frameworks */,
				F437480F1607862E007EB4C0 /* Resources */,
			);
			buildRules = (
			);
			dependencies = (
			);
			name = OpenSandbox;
			productName = OpenSandbox;
			productReference = F43748111607862E007EB4C0 /* OpenSandbox.app */;
			productType = "com.apple.product-type.application";
		};
		F43748311607862F007EB4C0 /* OpenSandboxTests */ = {
			isa = PBXNativeTarget;
			buildConfigurationList = F43748461607862F007EB4C0 /* Build configuration list for PBXNativeTarget "OpenSandboxTests" */;
			buildPhases = (
				F437482D1607862F007EB4C0 /* Sources */,
				F437482E1607862F007EB4C0 /* Frameworks */,
				F437482F1607862F007EB4C0 /* Resources */,
				F43748301607862F007EB4C0 /* ShellScript */,
			);
			buildRules = (
			);
			dependencies = (
				F43748371607862F007EB4C0 /* PBXTargetDependency */,
			);
			name = OpenSandboxTests;
			productName = OpenSandboxTests;
			productReference = F43748321607862F007EB4C0 /* OpenSandboxTests.octest */;
			productType = "com.apple.product-type.bundle";
		};
/* End PBXNativeTarget section */

/* Begin PBXProject section */
		F43748081607862E007EB4C0 /* Project object */ = {
			isa = PBXProject;
			attributes = {
				LastUpgradeCheck = 0440;
				ORGANIZATIONNAME = "Denpako Ohanabatake";
			};
			buildConfigurationList = F437480B1607862E007EB4C0 /* Build configuration list for PBXProject "OpenSandbox" */;
			compatibilityVersion = "Xcode 3.2";
			developmentRegion = English;
			hasScannedForEncodings = 0;
			knownRegions = (
				en,
			);
			mainGroup = F43748061607862E007EB4C0;
			productRefGroup = F43748121607862E007EB4C0 /* Products */;
			projectDirPath = "";
			projectRoot = "";
			targets = (
				F43748101607862E007EB4C0 /* OpenSandbox */,
				F43748311607862F007EB4C0 /* OpenSandboxTests */,
			);
		};
/* End PBXProject section */

/* Begin PBXResourcesBuildPhase section */
		F437480F1607862E007EB4C0 /* Resources */ = {
			isa = PBXResourcesBuildPhase;
			buildActionMask = 2147483647;
			files = (
				F43748201607862E007EB4C0 /* InfoPlist.strings in Resources */,
				F43748261607862E007EB4C0 /* Credits.rtf in Resources */,
				F437482C1607862E007EB4C0 /* MainMenu.xib in Resources */,
			);
			runOnlyForDeploymentPostprocessing = 0;
		};
		F437482F1607862F007EB4C0 /* Resources */ = {
			isa = PBXResourcesBuildPhase;
			buildActionMask = 2147483647;
			files = (
				F437483D1607862F007EB4C0 /* InfoPlist.strings in Resources */,
			);
			runOnlyForDeploymentPostprocessing = 0;
		};
/* End PBXResourcesBuildPhase section */

/* Begin PBXShellScriptBuildPhase section */
		F43748301607862F007EB4C0 /* ShellScript */ = {
			isa = PBXShellScriptBuildPhase;
			buildActionMask = 2147483647;
			files = (
			);
			inputPaths = (
			);
			outputPaths = (
			);
			runOnlyForDeploymentPostprocessing = 0;
			shellPath = /bin/sh;
			shellScript = "# Run the unit tests in this test bundle.\n\"${SYSTEM_DEVELOPER_DIR}/Tools/RunUnitTests\"\n";
		};
/* End PBXShellScriptBuildPhase section */

/* Begin PBXSourcesBuildPhase section */
		F437480D1607862E007EB4C0 /* Sources */ = {
			isa = PBXSourcesBuildPhase;
			buildActionMask = 2147483647;
			files = (
				F43748221607862E007EB4C0 /* main.m in Sources */,
				F43748291607862E007EB4C0 /* AppDelegate.m in Sources */,
			);
			runOnlyForDeploymentPostprocessing = 0;
		};
		F437482D1607862F007EB4C0 /* Sources */ = {
			isa = PBXSourcesBuildPhase;
			buildActionMask = 2147483647;
			files = (
				F43748401607862F007EB4C0 /* OpenSandboxTests.m in Sources */,
			);
			runOnlyForDeploymentPostprocessing = 0;
		};
/* End PBXSourcesBuildPhase section */

/* Begin PBXTargetDependency section */
		F43748371607862F007EB4C0 /* PBXTargetDependency */ = {
			isa = PBXTargetDependency;
			target = F43748101607862E007EB4C0 /* OpenSandbox */;
			targetProxy = F43748361607862F007EB4C0 /* PBXContainerItemProxy */;
		};
/* End PBXTargetDependency section */

/* Begin PBXVariantGroup section */
		F437481E1607862E007EB4C0 /* InfoPlist.strings */ = {
			isa = PBXVariantGroup;
			children = (
				F437481F1607862E007EB4C0 /* en */,
			);
			name = InfoPlist.strings;
			sourceTree = "<group>";
		};
		F43748241607862E007EB4C0 /* Credits.rtf */ = {
			isa = PBXVariantGroup;
			children = (
				F43748251607862E007EB4C0 /* en */,
			);
			name = Credits.rtf;
			sourceTree = "<group>";
		};
		F437482A1607862E007EB4C0 /* MainMenu.xib */ = {
			isa = PBXVariantGroup;
			children = (
				F437482B1607862E007EB4C0 /* en */,
			);
			name = MainMenu.xib;
			sourceTree = "<group>";
		};
		F437483B1607862F007EB4C0 /* InfoPlist.strings */ = {
			isa = PBXVariantGroup;
			children = (
				F437483C1607862F007EB4C0 /* en */,
			);
			name = InfoPlist.strings;
			sourceTree = "<group>";
		};
/* End PBXVariantGroup section */

/* Begin XCBuildConfiguration section */
		F43748411607862F007EB4C0 /* Debug */ = {
			isa = XCBuildConfiguration;
			buildSettings = {
				ALWAYS_SEARCH_USER_PATHS = NO;
				ARCHS = "$(ARCHS_STANDARD_64_BIT)";
				CLANG_CXX_LANGUAGE_STANDARD = "gnu++0x";
				CLANG_ENABLE_OBJC_ARC = YES;
				CLANG_WARN__DUPLICATE_METHOD_MATCH = YES;
				COPY_PHASE_STRIP = NO;
				GCC_C_LANGUAGE_STANDARD = gnu99;
				GCC_DYNAMIC_NO_PIC = NO;
				GCC_ENABLE_OBJC_EXCEPTIONS = YES;
				GCC_OPTIMIZATION_LEVEL = 0;
				GCC_PREPROCESSOR_DEFINITIONS = (
					"DEBUG=1",
					"$(inherited)",
				);
				GCC_SYMBOLS_PRIVATE_EXTERN = NO;
				GCC_WARN_64_TO_32_BIT_CONVERSION = YES;
				GCC_WARN_ABOUT_RETURN_TYPE = YES;
				GCC_WARN_UNINITIALIZED_AUTOS = YES;
				GCC_WARN_UNUSED_VARIABLE = YES;
				MACOSX_DEPLOYMENT_TARGET = 10.8;
				ONLY_ACTIVE_ARCH = YES;
				SDKROOT = macosx;
			};
			name = Debug;
		};
		F43748421607862F007EB4C0 /* Release */ = {
			isa = XCBuildConfiguration;
			buildSettings = {
				ALWAYS_SEARCH_USER_PATHS = NO;
				ARCHS = "$(ARCHS_STANDARD_64_BIT)";
				CLANG_CXX_LANGUAGE_STANDARD = "gnu++0x";
				CLANG_ENABLE_OBJC_ARC = YES;
				CLANG_WARN__DUPLICATE_METHOD_MATCH = YES;
				COPY_PHASE_STRIP = YES;
				DEBUG_INFORMATION_FORMAT = "dwarf-with-dsym";
				GCC_C_LANGUAGE_STANDARD = gnu99;
				GCC_ENABLE_OBJC_EXCEPTIONS = YES;
				GCC_WARN_64_TO_32_BIT_CONVERSION = YES;
				GCC_WARN_ABOUT_RETURN_TYPE = YES;
				GCC_WARN_UNINITIALIZED_AUTOS = YES;
				GCC_WARN_UNUSED_VARIABLE = YES;
				MACOSX_DEPLOYMENT_TARGET = 10.8;
				SDKROOT = macosx;
			};
			name = Release;
		};
		F43748441607862F007EB4C0 /* Debug */ = {
			isa = XCBuildConfiguration;
			buildSettings = {
				COMBINE_HIDPI_IMAGES = YES;
				GCC_PRECOMPILE_PREFIX_HEADER = YES;
				GCC_PREFIX_HEADER = "OpenSandbox/OpenSandbox-Prefix.pch";
				INFOPLIST_FILE = "OpenSandbox/OpenSandbox-Info.plist";
				PRODUCT_NAME = "$(TARGET_NAME)";
				WRAPPER_EXTENSION = app;
			};
			name = Debug;
		};
		F43748451607862F007EB4C0 /* Release */ = {
			isa = XCBuildConfiguration;
			buildSettings = {
				COMBINE_HIDPI_IMAGES = YES;
				GCC_PRECOMPILE_PREFIX_HEADER = YES;
				GCC_PREFIX_HEADER = "OpenSandbox/OpenSandbox-Prefix.pch";
				INFOPLIST_FILE = "OpenSandbox/OpenSandbox-Info.plist";
				PRODUCT_NAME = "$(TARGET_NAME)";
				WRAPPER_EXTENSION = app;
			};
			name = Release;
		};
		F43748471607862F007EB4C0 /* Debug */ = {
			isa = XCBuildConfiguration;
			buildSettings = {
				BUNDLE_LOADER = "$(BUILT_PRODUCTS_DIR)/OpenSandbox.app/Contents/MacOS/OpenSandbox";
				COMBINE_HIDPI_IMAGES = YES;
				FRAMEWORK_SEARCH_PATHS = "\"$(DEVELOPER_LIBRARY_DIR)/Frameworks\"";
				GCC_PRECOMPILE_PREFIX_HEADER = YES;
				GCC_PREFIX_HEADER = "OpenSandbox/OpenSandbox-Prefix.pch";
				INFOPLIST_FILE = "OpenSandboxTests/OpenSandboxTests-Info.plist";
				PRODUCT_NAME = "$(TARGET_NAME)";
				TEST_HOST = "$(BUNDLE_LOADER)";
				WRAPPER_EXTENSION = octest;
			};
			name = Debug;
		};
		F43748481607862F007EB4C0 /* Release */ = {
			isa = XCBuildConfiguration;
			buildSettings = {
				BUNDLE_LOADER = "$(BUILT_PRODUCTS_DIR)/OpenSandbox.app/Contents/MacOS/OpenSandbox";
				COMBINE_HIDPI_IMAGES = YES;
				FRAMEWORK_SEARCH_PATHS = "\"$(DEVELOPER_LIBRARY_DIR)/Frameworks\"";
				GCC_PRECOMPILE_PREFIX_HEADER = YES;
				GCC_PREFIX_HEADER = "OpenSandbox/OpenSandbox-Prefix.pch";
				INFOPLIST_FILE = "OpenSandboxTests/OpenSandboxTests-Info.plist";
				PRODUCT_NAME = "$(TARGET_NAME)";
				TEST_HOST = "$(BUNDLE_LOADER)";
				WRAPPER_EXTENSION = octest;
			};
			name = Release;
		};
/* End XCBuildConfiguration section */

/* Begin XCConfigurationList section */
		F437480B1607862E007EB4C0 /* Build configuration list for PBXProject "OpenSandbox" */ = {
			isa = XCConfigurationList;
			buildConfigurations = (
				F43748411607862F007EB4C0 /* Debug */,
				F43748421607862F007EB4C0 /* Release */,
			);
			defaultConfigurationIsVisible = 0;
			defaultConfigurationName = Release;
		};
		F43748431607862F007EB4C0 /* Build configuration list for PBXNativeTarget "OpenSandbox" */ = {
			isa = XCConfigurationList;
			buildConfigurations = (
				F43748441607862F007EB4C0 /* Debug */,
				F43748451607862F007EB4C0 /* Release */,
			);
			defaultConfigurationIsVisible = 0;
		};
		F43748461607862F007EB4C0 /* Build configuration list for PBXNativeTarget "OpenSandboxTests" */ = {
			isa = XCConfigurationList;
			buildConfigurations = (
				F43748471607862F007EB4C0 /* Debug */,
				F43748481607862F007EB4C0 /* Release */,
			);
			defaultConfigurationIsVisible = 0;
		};
/* End XCConfigurationList section */
	};
	rootObject = F43748081607862E007EB4C0 /* Project object */;
}
